
Microsoft Visual Studio Solution File, Format Version 12.00
# Visual Studio 15
VisualStudioVersion = 15.0.28010.2046
MinimumVisualStudioVersion = 10.0.40219.1
Project("{FAE04EC0-301F-11D3-BF4B-00C04F79EFBC}") = "SlideshowTest", "SlideshowTest\SlideshowTest.csproj", "{65D24847-8470-4ECC-9737-96091DD75CE2}"
EndProject
Global
	GlobalSection(SolutionConfigurationPlatforms) = preSolution
		Debug|Any CPU = Debug|Any CPU
		Release|Any CPU = Release|Any CPU
	EndGlobalSection
	GlobalSection(ProjectConfigurationPlatforms) = postSolution
		{65D24847-8470-4ECC-9737-96091DD75CE2}.Debug|Any CPU.ActiveCfg = Debug|Any CPU
		{65D24847-8470-4ECC-9737-96091DD75CE2}.Debug|Any CPU.Build.0 = Debug|Any CPU
		{65D24847-8470-4ECC-9737-96091DD75CE2}.Release|Any CPU.ActiveCfg = Release|Any CPU
		{65D24847-8470-4ECC-9737-96091DD75CE2}.Release|Any CPU.Build.0 = Release|Any CPU
	EndGlobalSection
	GlobalSection(SolutionProperties) = preSolution
		HideSolutionNode = FALSE
	EndGlobalSection
	GlobalSection(ExtensibilityGlobals) = postSolution
		SolutionGuid = {5CF8D16D-5409-4216-8BE6-2A4339E6387B}
	EndGlobalSection
EndGlobal
